
Microsoft Visual Studio Solution File, Format Version 12.00
#
Project("{FAE04EC0-301F-11D3-BF4B-00C04F79EFBC}") = "FluentTestScaffold.EntityFrameworkCore", "FluentTestScaffold.EntityFrameworkCore\FluentTestScaffold.EntityFrameworkCore.csproj", "{DE392251-0100-4E3B-8FBA-D50BC4E89B28}"
EndProject
Project("{FAE04EC0-301F-11D3-BF4B-00C04F79EFBC}") = "FluentTestScaffold.Tests", "FluentTestScaffold.Tests\FluentTestScaffold.Tests.csproj", "{8AD731C9-846A-484A-851A-7AE35E2645FE}"
EndProject
Project("{FAE04EC0-301F-11D3-BF4B-00C04F79EFBC}") = "FluentTestScaffold.Specflow.Tests", "FluentTestScaffold.Specflow.Tests\FluentTestScaffold.Specflow.Tests.csproj", "{64F1F602-437E-4890-BB47-FBB8F9E04C6B}"
EndProject
Project("{FAE04EC0-301F-11D3-BF4B-00C04F79EFBC}") = "FluentTestScaffold.Core", "FluentTestScaffold.Core\FluentTestScaffold.Core.csproj", "{64461EB5-C9FB-4CFF-8DF1-1A22C4F1FD5A}"
EndProject
Project("{FAE04EC0-301F-11D3-BF4B-00C04F79EFBC}") = "FluentTestScaffold.Autofac", "FluentTestScaffold.Autofac\FluentTestScaffold.Autofac.csproj", "{F9FF694C-1ADE-4F8A-9D4E-56373B058857}"
EndProject
Project("{FAE04EC0-301F-11D3-BF4B-00C04F79EFBC}") = "FluentTestScaffold.Bdd", "FluentTestScaffold.Bdd\FluentTestScaffold.Bdd.csproj", "{829A39B1-60B2-4454-8DAF-6C913351BE17}"
EndProject
Project("{FAE04EC0-301F-11D3-BF4B-00C04F79EFBC}") = "FluentTestScaffold.Nunit", "FluentTestScaffold.Nunit\FluentTestScaffold.Nunit.csproj", "{3A2B5B75-D994-4D06-A6D3-38AA9B3781A3}"
EndProject
Project("{FAE04EC0-301F-11D3-BF4B-00C04F79EFBC}") = "FluentTestScaffold.AspNetCore", "FluentTestScaffold.AspNetCore\FluentTestScaffold.AspNetCore.csproj", "{535F63CE-04C3-45D5-B617-FA32922D469E}"
EndProject
Project("{2150E333-8FDC-42A3-9474-1A3956D46DE8}") = "Samples", "Samples", "{492423A5-EF68-4399-BD5E-2F375C3349D1}"
EndProject
Project("{FAE04EC0-301F-11D3-BF4B-00C04F79EFBC}") = "FluentTestScaffold.Sample", "FluentTestScaffold.Sample\FluentTestScaffold.Sample.csproj", "{0FFDE425-801E-4101-8C37-39A6C17CBAAF}"
EndProject
Project("{FAE04EC0-301F-11D3-BF4B-00C04F79EFBC}") = "FluentTestScaffold.Sample.WebApp", "FluentTestScaffold.Sample.WebApp\FluentTestScaffold.Sample.WebApp.csproj", "{CE4BA711-4E78-491E-BB79-3DED88880D92}"
EndProject
Project("{FAE04EC0-301F-11D3-BF4B-00C04F79EFBC}") = "FluentTestScaffold.Sample.WebApp.Tests", "FluentTestScaffold.Sample.WebApp.Tests\FluentTestScaffold.Sample.WebApp.Tests.csproj", "{9FB93A12-2788-4221-97C6-524A3E5F741F}"
EndProject
Project("{2150E333-8FDC-42A3-9474-1A3956D46DE8}") = "Tests", "Tests", "{F577EE9A-0FE6-4D6E-B9F3-606D5C8A2CEA}"
EndProject
Global
	GlobalSection(SolutionConfigurationPlatforms) = preSolution
		Debug|Any CPU = Debug|Any CPU
		Release|Any CPU = Release|Any CPU
	EndGlobalSection
	GlobalSection(ProjectConfigurationPlatforms) = postSolution
		{DE392251-0100-4E3B-8FBA-D50BC4E89B28}.Debug|Any CPU.ActiveCfg = Debug|Any CPU
		{DE392251-0100-4E3B-8FBA-D50BC4E89B28}.Debug|Any CPU.Build.0 = Debug|Any CPU
		{DE392251-0100-4E3B-8FBA-D50BC4E89B28}.Release|Any CPU.ActiveCfg = Release|Any CPU
		{DE392251-0100-4E3B-8FBA-D50BC4E89B28}.Release|Any CPU.Build.0 = Release|Any CPU
		{8AD731C9-846A-484A-851A-7AE35E2645FE}.Debug|Any CPU.ActiveCfg = Debug|Any CPU
		{8AD731C9-846A-484A-851A-7AE35E2645FE}.Debug|Any CPU.Build.0 = Debug|Any CPU
		{8AD731C9-846A-484A-851A-7AE35E2645FE}.Release|Any CPU.ActiveCfg = Release|Any CPU
		{8AD731C9-846A-484A-851A-7AE35E2645FE}.Release|Any CPU.Build.0 = Release|Any CPU
		{64F1F602-437E-4890-BB47-FBB8F9E04C6B}.Debug|Any CPU.ActiveCfg = Debug|Any CPU
		{64F1F602-437E-4890-BB47-FBB8F9E04C6B}.Debug|Any CPU.Build.0 = Debug|Any CPU
		{64F1F602-437E-4890-BB47-FBB8F9E04C6B}.Release|Any CPU.ActiveCfg = Release|Any CPU
		{64F1F602-437E-4890-BB47-FBB8F9E04C6B}.Release|Any CPU.Build.0 = Release|Any CPU
		{64461EB5-C9FB-4CFF-8DF1-1A22C4F1FD5A}.Debug|Any CPU.ActiveCfg = Debug|Any CPU
		{64461EB5-C9FB-4CFF-8DF1-1A22C4F1FD5A}.Debug|Any CPU.Build.0 = Debug|Any CPU
		{64461EB5-C9FB-4CFF-8DF1-1A22C4F1FD5A}.Release|Any CPU.ActiveCfg = Release|Any CPU
		{64461EB5-C9FB-4CFF-8DF1-1A22C4F1FD5A}.Release|Any CPU.Build.0 = Release|Any CPU
		{F9FF694C-1ADE-4F8A-9D4E-56373B058857}.Debug|Any CPU.ActiveCfg = Debug|Any CPU
		{F9FF694C-1ADE-4F8A-9D4E-56373B058857}.Debug|Any CPU.Build.0 = Debug|Any CPU
		{F9FF694C-1ADE-4F8A-9D4E-56373B058857}.Release|Any CPU.ActiveCfg = Release|Any CPU
		{F9FF694C-1ADE-4F8A-9D4E-56373B058857}.Release|Any CPU.Build.0 = Release|Any CPU
		{829A39B1-60B2-4454-8DAF-6C913351BE17}.Debug|Any CPU.ActiveCfg = Debug|Any CPU
		{829A39B1-60B2-4454-8DAF-6C913351BE17}.Debug|Any CPU.Build.0 = Debug|Any CPU
		{829A39B1-60B2-4454-8DAF-6C913351BE17}.Release|Any CPU.ActiveCfg = Release|Any CPU
		{829A39B1-60B2-4454-8DAF-6C913351BE17}.Release|Any CPU.Build.0 = Release|Any CPU
		{3A2B5B75-D994-4D06-A6D3-38AA9B3781A3}.Debug|Any CPU.ActiveCfg = Debug|Any CPU
		{3A2B5B75-D994-4D06-A6D3-38AA9B3781A3}.Debug|Any CPU.Build.0 = Debug|Any CPU
		{3A2B5B75-D994-4D06-A6D3-38AA9B3781A3}.Release|Any CPU.ActiveCfg = Release|Any CPU
		{3A2B5B75-D994-4D06-A6D3-38AA9B3781A3}.Release|Any CPU.Build.0 = Release|Any CPU
		{535F63CE-04C3-45D5-B617-FA32922D469E}.Debug|Any CPU.ActiveCfg = Debug|Any CPU
		{535F63CE-04C3-45D5-B617-FA32922D469E}.Debug|Any CPU.Build.0 = Debug|Any CPU
		{535F63CE-04C3-45D5-B617-FA32922D469E}.Release|Any CPU.ActiveCfg = Release|Any CPU
		{535F63CE-04C3-45D5-B617-FA32922D469E}.Release|Any CPU.Build.0 = Release|Any CPU
		{0FFDE425-801E-4101-8C37-39A6C17CBAAF}.Debug|Any CPU.ActiveCfg = Debug|Any CPU
		{0FFDE425-801E-4101-8C37-39A6C17CBAAF}.Debug|Any CPU.Build.0 = Debug|Any CPU
		{0FFDE425-801E-4101-8C37-39A6C17CBAAF}.Release|Any CPU.ActiveCfg = Release|Any CPU
		{0FFDE425-801E-4101-8C37-39A6C17CBAAF}.Release|Any CPU.Build.0 = Release|Any CPU
		{CE4BA711-4E78-491E-BB79-3DED88880D92}.Debug|Any CPU.ActiveCfg = Debug|Any CPU
		{CE4BA711-4E78-491E-BB79-3DED88880D92}.Debug|Any CPU.Build.0 = Debug|Any CPU
		{CE4BA711-4E78-491E-BB79-3DED88880D92}.Release|Any CPU.ActiveCfg = Release|Any CPU
		{CE4BA711-4E78-491E-BB79-3DED88880D92}.Release|Any CPU.Build.0 = Release|Any CPU
		{9FB93A12-2788-4221-97C6-524A3E5F741F}.Debug|Any CPU.ActiveCfg = Debug|Any CPU
		{9FB93A12-2788-4221-97C6-524A3E5F741F}.Debug|Any CPU.Build.0 = Debug|Any CPU
		{9FB93A12-2788-4221-97C6-524A3E5F741F}.Release|Any CPU.ActiveCfg = Release|Any CPU
		{9FB93A12-2788-4221-97C6-524A3E5F741F}.Release|Any CPU.Build.0 = Release|Any CPU
	EndGlobalSection
	GlobalSection(NestedProjects) = preSolution
		{0FFDE425-801E-4101-8C37-39A6C17CBAAF} = {492423A5-EF68-4399-BD5E-2F375C3349D1}
		{CE4BA711-4E78-491E-BB79-3DED88880D92} = {492423A5-EF68-4399-BD5E-2F375C3349D1}
		{9FB93A12-2788-4221-97C6-524A3E5F741F} = {492423A5-EF68-4399-BD5E-2F375C3349D1}
		{64F1F602-437E-4890-BB47-FBB8F9E04C6B} = {F577EE9A-0FE6-4D6E-B9F3-606D5C8A2CEA}
		{8AD731C9-846A-484A-851A-7AE35E2645FE} = {F577EE9A-0FE6-4D6E-B9F3-606D5C8A2CEA}
	EndGlobalSection
EndGlobal
